Microsoft Visual Studio Solution File, Format Version 12.00
# Visual Studio 2013
VisualStudioVersion = 12.0.21005.1
MinimumVisualStudioVersion = 10.0.40219.1
Project("{FAE04EC0-301F-11D3-BF4B-00C04F79EFBC}") = "SynchPayIntegrationDemo.Net45", "SynchPayIntegrationDemo.Net45\SynchPayIntegrationDemo.Net45.csproj", "{8A3EF2A1-93B1-4B9D-A623-836387381929}"
EndProject
Global
	GlobalSection(SolutionConfigurationPlatforms) = preSolution
		Debug|Any CPU = Debug|Any CPU
		Release|Any CPU = Release|Any CPU
	EndGlobalSection
	GlobalSection(ProjectConfigurationPlatforms) = postSolution
		{8A3EF2A1-93B1-4B9D-A623-836387381929}.Debug|Any CPU.ActiveCfg = Debug|AnyCPU
		{8A3EF2A1-93B1-4B9D-A623-836387381929}.Debug|Any CPU.Build.0 = Debug|AnyCPU
		{8A3EF2A1-93B1-4B9D-A623-836387381929}.Release|Any CPU.ActiveCfg = Release|AnyCPU
		{8A3EF2A1-93B1-4B9D-A623-836387381929}.Release|Any CPU.Build.0 = Release|AnyCPU
	EndGlobalSection
	GlobalSection(SolutionProperties) = preSolution
		HideSolutionNode = FALSE
	EndGlobalSection
EndGlobal
